Microsoft Visual Studio Solution File, Format Version 12.00
# Visual Studio Version 17
VisualStudioVersion = 17.6.33723.286
MinimumVisualStudioVersion = 15.0.26124.0
Project("{D954291E-2A0B-460D-934E-DC6B0785DB48}") = "TestUnoApplication.Shared", "TestUnoApplication.Shared\TestUnoApplication.Shared.shproj", "{6279C845-92F8-4333-AB99-3D213163593C}"
EndProject
Project("{FAE04EC0-301F-11D3-BF4B-00C04F79EFBC}") = "TestUnoApplication.Droid", "TestUnoApplication.Droid\TestUnoApplication.Droid.csproj", "{C14DBEC5-7153-4F1E-A3FE-AFD9836C4099}"
EndProject
Project("{FAE04EC0-301F-11D3-BF4B-00C04F79EFBC}") = "TestUnoApplication.iOS", "TestUnoApplication.iOS\TestUnoApplication.iOS.csproj", "{C211E9EF-7DA4-40A6-AC69-B52C4A787220}"
EndProject
Project("{FAE04EC0-301F-11D3-BF4B-00C04F79EFBC}") = "TestUnoApplication.Uwp", "TestUnoApplication.UWP\TestUnoApplication.Uwp.csproj", "{D33501B0-7280-4AEB-A019-F3554FDF3492}"
EndProject
Project("{9A19103F-16F7-4668-BE54-9A1E7A4F7556}") = "TestUnoApplication.Wasm", "TestUnoApplication.Wasm\TestUnoApplication.Wasm.csproj", "{40EA03F7-8A22-4143-B251-79BAC3EB13D2}"
EndProject
Project("{9A19103F-16F7-4668-BE54-9A1E7A4F7556}") = "TestUnoApplication.Skia.WPF", "TestUnoApplication.Skia.WPF\TestUnoApplication.Skia.WPF.csproj", "{714E0DE1-BEBF-4C7D-9064-ACF1239AB13B}"
EndProject
Project("{9A19103F-16F7-4668-BE54-9A1E7A4F7556}") = "TestUnoApplication.Skia.Wpf.Host", "TestUnoApplication.Skia.WPF.Host\TestUnoApplication.Skia.Wpf.Host.csproj", "{6CF284A4-22B1-4F05-97F4-F095C07A598E}"
EndProject
Project("{9A19103F-16F7-4668-BE54-9A1E7A4F7556}") = "TestUnoApplication.Skia.Tizen", "TestUnoApplication.Skia.Tizen\TestUnoApplication.Skia.Tizen.csproj", "{9AED22A6-77DC-4799-BAE7-5F26F2070BD2}"
EndProject
Project("{FAE04EC0-301F-11D3-BF4B-00C04F79EFBC}") = "WinFormsApp1", "WinFormsApp1\WinFormsApp1.csproj", "{0AE184FD-8427-4901-B572-E3DA372AB027}"
EndProject
Global
	GlobalSection(SolutionConfigurationPlatforms) = preSolution
		Debug|Any CPU = Debug|Any CPU
		Debug|ARM = Debug|ARM
		Debug|ARM64 = Debug|ARM64
		Debug|iPhone = Debug|iPhone
		Debug|iPhoneSimulator = Debug|iPhoneSimulator
		Debug|x64 = Debug|x64
		Debug|x86 = Debug|x86
		Release|Any CPU = Release|Any CPU
		Release|ARM = Release|ARM
		Release|ARM64 = Release|ARM64
		Release|iPhone = Release|iPhone
		Release|iPhoneSimulator = Release|iPhoneSimulator
		Release|x64 = Release|x64
		Release|x86 = Release|x86
	EndGlobalSection
	GlobalSection(ProjectConfigurationPlatforms) = postSolution
		{C14DBEC5-7153-4F1E-A3FE-AFD9836C4099}.Debug|Any CPU.ActiveCfg = Debug|Any CPU
		{C14DBEC5-7153-4F1E-A3FE-AFD9836C4099}.Debug|Any CPU.Build.0 = Debug|Any CPU
		{C14DBEC5-7153-4F1E-A3FE-AFD9836C4099}.Debug|Any CPU.Deploy.0 = Debug|Any CPU
		{C14DBEC5-7153-4F1E-A3FE-AFD9836C4099}.Debug|ARM.ActiveCfg = Debug|Any CPU
		{C14DBEC5-7153-4F1E-A3FE-AFD9836C4099}.Debug|ARM.Build.0 = Debug|Any CPU
		{C14DBEC5-7153-4F1E-A3FE-AFD9836C4099}.Debug|ARM.Deploy.0 = Debug|Any CPU
		{C14DBEC5-7153-4F1E-A3FE-AFD9836C4099}.Debug|ARM64.ActiveCfg = Debug|Any CPU
		{C14DBEC5-7153-4F1E-A3FE-AFD9836C4099}.Debug|ARM64.Build.0 = Debug|Any CPU
		{C14DBEC5-7153-4F1E-A3FE-AFD9836C4099}.Debug|ARM64.Deploy.0 = Debug|Any CPU
		{C14DBEC5-7153-4F1E-A3FE-AFD9836C4099}.Debug|iPhone.ActiveCfg = Debug|Any CPU
		{C14DBEC5-7153-4F1E-A3FE-AFD9836C4099}.Debug|iPhone.Build.0 = Debug|Any CPU
		{C14DBEC5-7153-4F1E-A3FE-AFD9836C4099}.Debug|iPhone.Deploy.0 = Debug|Any CPU
		{C14DBEC5-7153-4F1E-A3FE-AFD9836C4099}.Debug|iPhoneSimulator.ActiveCfg = Debug|Any CPU
		{C14DBEC5-7153-4F1E-A3FE-AFD9836C4099}.Debug|iPhoneSimulator.Build.0 = Debug|Any CPU
		{C14DBEC5-7153-4F1E-A3FE-AFD9836C4099}.Debug|iPhoneSimulator.Deploy.0 = Debug|Any CPU
		{C14DBEC5-7153-4F1E-A3FE-AFD9836C4099}.Debug|x64.ActiveCfg = Debug|Any CPU
		{C14DBEC5-7153-4F1E-A3FE-AFD9836C4099}.Debug|x64.Build.0 = Debug|Any CPU
		{C14DBEC5-7153-4F1E-A3FE-AFD9836C4099}.Debug|x64.Deploy.0 = Debug|Any CPU
		{C14DBEC5-7153-4F1E-A3FE-AFD9836C4099}.Debug|x86.ActiveCfg = Debug|Any CPU
		{C14DBEC5-7153-4F1E-A3FE-AFD9836C4099}.Debug|x86.Build.0 = Debug|Any CPU
		{C14DBEC5-7153-4F1E-A3FE-AFD9836C4099}.Debug|x86.Deploy.0 = Debug|Any CPU
		{C14DBEC5-7153-4F1E-A3FE-AFD9836C4099}.Release|Any CPU.ActiveCfg = Release|Any CPU
		{C14DBEC5-7153-4F1E-A3FE-AFD9836C4099}.Release|Any CPU.Build.0 = Release|Any CPU
		{C14DBEC5-7153-4F1E-A3FE-AFD9836C4099}.Release|Any CPU.Deploy.0 = Release|Any CPU
		{C14DBEC5-7153-4F1E-A3FE-AFD9836C4099}.Release|ARM.ActiveCfg = Release|Any CPU
		{C14DBEC5-7153-4F1E-A3FE-AFD9836C4099}.Release|ARM.Build.0 = Release|Any CPU
		{C14DBEC5-7153-4F1E-A3FE-AFD9836C4099}.Release|ARM.Deploy.0 = Release|Any CPU
		{C14DBEC5-7153-4F1E-A3FE-AFD9836C4099}.Release|ARM64.ActiveCfg = Release|Any CPU
		{C14DBEC5-7153-4F1E-A3FE-AFD9836C4099}.Release|ARM64.Build.0 = Release|Any CPU
		{C14DBEC5-7153-4F1E-A3FE-AFD9836C4099}.Release|ARM64.Deploy.0 = Release|Any CPU
		{C14DBEC5-7153-4F1E-A3FE-AFD9836C4099}.Release|iPhone.ActiveCfg = Release|Any CPU
		{C14DBEC5-7153-4F1E-A3FE-AFD9836C4099}.Release|iPhone.Build.0 = Release|Any CPU
		{C14DBEC5-7153-4F1E-A3FE-AFD9836C4099}.Release|iPhone.Deploy.0 = Release|Any CPU
		{C14DBEC5-7153-4F1E-A3FE-AFD9836C4099}.Release|iPhoneSimulator.ActiveCfg = Release|Any CPU
		{C14DBEC5-7153-4F1E-A3FE-AFD9836C4099}.Release|iPhoneSimulator.Build.0 = Release|Any CPU
		{C14DBEC5-7153-4F1E-A3FE-AFD9836C4099}.Release|iPhoneSimulator.Deploy.0 = Release|Any CPU
		{C14DBEC5-7153-4F1E-A3FE-AFD9836C4099}.Release|x64.ActiveCfg = Release|Any CPU
		{C14DBEC5-7153-4F1E-A3FE-AFD9836C4099}.Release|x64.Build.0 = Release|Any CPU
		{C14DBEC5-7153-4F1E-A3FE-AFD9836C4099}.Release|x64.Deploy.0 = Release|Any CPU
		{C14DBEC5-7153-4F1E-A3FE-AFD9836C4099}.Release|x86.ActiveCfg = Release|Any CPU
		{C14DBEC5-7153-4F1E-A3FE-AFD9836C4099}.Release|x86.Build.0 = Release|Any CPU
		{C14DBEC5-7153-4F1E-A3FE-AFD9836C4099}.Release|x86.Deploy.0 = Release|Any CPU
		{C211E9EF-7DA4-40A6-AC69-B52C4A787220}.Debug|Any CPU.ActiveCfg = Debug|iPhone
		{C211E9EF-7DA4-40A6-AC69-B52C4A787220}.Debug|Any CPU.Build.0 = Debug|iPhone
		{C211E9EF-7DA4-40A6-AC69-B52C4A787220}.Debug|Any CPU.Deploy.0 = Debug|iPhone
		{C211E9EF-7DA4-40A6-AC69-B52C4A787220}.Debug|ARM.ActiveCfg = Debug|iPhone
		{C211E9EF-7DA4-40A6-AC69-B52C4A787220}.Debug|ARM64.ActiveCfg = Debug|iPhone
		{C211E9EF-7DA4-40A6-AC69-B52C4A787220}.Debug|iPhone.ActiveCfg = Debug|iPhone
		{C211E9EF-7DA4-40A6-AC69-B52C4A787220}.Debug|iPhone.Build.0 = Debug|iPhone
		{C211E9EF-7DA4-40A6-AC69-B52C4A787220}.Debug|iPhoneSimulator.ActiveCfg = Debug|iPhoneSimulator
		{C211E9EF-7DA4-40A6-AC69-B52C4A787220}.Debug|iPhoneSimulator.Build.0 = Debug|iPhoneSimulator
		{C211E9EF-7DA4-40A6-AC69-B52C4A787220}.Debug|x64.ActiveCfg = Debug|iPhone
		{C211E9EF-7DA4-40A6-AC69-B52C4A787220}.Debug|x64.Build.0 = Debug|iPhone
		{C211E9EF-7DA4-40A6-AC69-B52C4A787220}.Debug|x64.Deploy.0 = Debug|iPhone
		{C211E9EF-7DA4-40A6-AC69-B52C4A787220}.Debug|x86.ActiveCfg = Debug|iPhoneSimulator
		{C211E9EF-7DA4-40A6-AC69-B52C4A787220}.Debug|x86.Build.0 = Debug|iPhoneSimulator
		{C211E9EF-7DA4-40A6-AC69-B52C4A787220}.Debug|x86.Deploy.0 = Debug|iPhoneSimulator
		{C211E9EF-7DA4-40A6-AC69-B52C4A787220}.Release|Any CPU.ActiveCfg = Release|iPhone
		{C211E9EF-7DA4-40A6-AC69-B52C4A787220}.Release|ARM.ActiveCfg = Release|iPhone
		{C211E9EF-7DA4-40A6-AC69-B52C4A787220}.Release|ARM64.ActiveCfg = Release|iPhone
		{C211E9EF-7DA4-40A6-AC69-B52C4A787220}.Release|iPhone.ActiveCfg = Release|iPhone
		{C211E9EF-7DA4-40A6-AC69-B52C4A787220}.Release|iPhone.Build.0 = Release|iPhone
		{C211E9EF-7DA4-40A6-AC69-B52C4A787220}.Release|iPhoneSimulator.ActiveCfg = Release|iPhoneSimulator
		{C211E9EF-7DA4-40A6-AC69-B52C4A787220}.Release|iPhoneSimulator.Build.0 = Release|iPhoneSimulator
		{C211E9EF-7DA4-40A6-AC69-B52C4A787220}.Release|x64.ActiveCfg = Release|iPhoneSimulator
		{C211E9EF-7DA4-40A6-AC69-B52C4A787220}.Release|x64.Build.0 = Release|iPhoneSimulator
		{C211E9EF-7DA4-40A6-AC69-B52C4A787220}.Release|x64.Deploy.0 = Release|iPhoneSimulator
		{C211E9EF-7DA4-40A6-AC69-B52C4A787220}.Release|x86.ActiveCfg = Release|iPhoneSimulator
		{C211E9EF-7DA4-40A6-AC69-B52C4A787220}.Release|x86.Build.0 = Release|iPhoneSimulator
		{D33501B0-7280-4AEB-A019-F3554FDF3492}.Debug|Any CPU.ActiveCfg = Debug|x86
		{D33501B0-7280-4AEB-A019-F3554FDF3492}.Debug|Any CPU.Build.0 = Debug|x86
		{D33501B0-7280-4AEB-A019-F3554FDF3492}.Debug|Any CPU.Deploy.0 = Debug|x86
		{D33501B0-7280-4AEB-A019-F3554FDF3492}.Debug|ARM.ActiveCfg = Debug|ARM
		{D33501B0-7280-4AEB-A019-F3554FDF3492}.Debug|ARM.Build.0 = Debug|ARM
		{D33501B0-7280-4AEB-A019-F3554FDF3492}.Debug|ARM.Deploy.0 = Debug|ARM
		{D33501B0-7280-4AEB-A019-F3554FDF3492}.Debug|ARM64.ActiveCfg = Debug|ARM64
		{D33501B0-7280-4AEB-A019-F3554FDF3492}.Debug|ARM64.Build.0 = Debug|ARM64
		{D33501B0-7280-4AEB-A019-F3554FDF3492}.Debug|ARM64.Deploy.0 = Debug|ARM64
		{D33501B0-7280-4AEB-A019-F3554FDF3492}.Debug|iPhone.ActiveCfg = Debug|x86
		{D33501B0-7280-4AEB-A019-F3554FDF3492}.Debug|iPhone.Build.0 = Debug|x86
		{D33501B0-7280-4AEB-A019-F3554FDF3492}.Debug|iPhone.Deploy.0 = Debug|x86
		{D33501B0-7280-4AEB-A019-F3554FDF3492}.Debug|iPhoneSimulator.ActiveCfg = Debug|x86
		{D33501B0-7280-4AEB-A019-F3554FDF3492}.Debug|iPhoneSimulator.Build.0 = Debug|x86
		{D33501B0-7280-4AEB-A019-F3554FDF3492}.Debug|iPhoneSimulator.Deploy.0 = Debug|x86
		{D33501B0-7280-4AEB-A019-F3554FDF3492}.Debug|x64.ActiveCfg = Debug|x64
		{D33501B0-7280-4AEB-A019-F3554FDF3492}.Debug|x64.Build.0 = Debug|x64
		{D33501B0-7280-4AEB-A019-F3554FDF3492}.Debug|x64.Deploy.0 = Debug|x64
		{D33501B0-7280-4AEB-A019-F3554FDF3492}.Debug|x86.ActiveCfg = Debug|x86
		{D33501B0-7280-4AEB-A019-F3554FDF3492}.Debug|x86.Build.0 = Debug|x86
		{D33501B0-7280-4AEB-A019-F3554FDF3492}.Debug|x86.Deploy.0 = Debug|x86
		{D33501B0-7280-4AEB-A019-F3554FDF3492}.Release|Any CPU.ActiveCfg = Release|x86
		{D33501B0-7280-4AEB-A019-F3554FDF3492}.Release|ARM.ActiveCfg = Release|ARM
		{D33501B0-7280-4AEB-A019-F3554FDF3492}.Release|ARM.Build.0 = Release|ARM
		{D33501B0-7280-4AEB-A019-F3554FDF3492}.Release|ARM.Deploy.0 = Release|ARM
		{D33501B0-7280-4AEB-A019-F3554FDF3492}.Release|ARM64.ActiveCfg = Release|ARM64
		{D33501B0-7280-4AEB-A019-F3554FDF3492}.Release|ARM64.Build.0 = Release|ARM64
		{D33501B0-7280-4AEB-A019-F3554FDF3492}.Release|ARM64.Deploy.0 = Release|ARM64
		{D33501B0-7280-4AEB-A019-F3554FDF3492}.Release|iPhone.ActiveCfg = Release|x86
		{D33501B0-7280-4AEB-A019-F3554FDF3492}.Release|iPhone.Build.0 = Release|x86
		{D33501B0-7280-4AEB-A019-F3554FDF3492}.Release|iPhoneSimulator.ActiveCfg = Release|x86
		{D33501B0-7280-4AEB-A019-F3554FDF3492}.Release|iPhoneSimulator.Build.0 = Release|x86
		{D33501B0-7280-4AEB-A019-F3554FDF3492}.Release|iPhoneSimulator.Deploy.0 = Release|x86
		{D33501B0-7280-4AEB-A019-F3554FDF3492}.Release|x64.ActiveCfg = Release|x64
		{D33501B0-7280-4AEB-A019-F3554FDF3492}.Release|x64.Build.0 = Release|x64
		{D33501B0-7280-4AEB-A019-F3554FDF3492}.Release|x64.Deploy.0 = Release|x64
		{D33501B0-7280-4AEB-A019-F3554FDF3492}.Release|x86.ActiveCfg = Release|x86
		{D33501B0-7280-4AEB-A019-F3554FDF3492}.Release|x86.Build.0 = Release|x86
		{D33501B0-7280-4AEB-A019-F3554FDF3492}.Release|x86.Deploy.0 = Release|x86
		{40EA03F7-8A22-4143-B251-79BAC3EB13D2}.Debug|Any CPU.ActiveCfg = Debug|Any CPU
		{40EA03F7-8A22-4143-B251-79BAC3EB13D2}.Debug|Any CPU.Build.0 = Debug|Any CPU
		{40EA03F7-8A22-4143-B251-79BAC3EB13D2}.Debug|ARM.ActiveCfg = Debug|Any CPU
		{40EA03F7-8A22-4143-B251-79BAC3EB13D2}.Debug|ARM.Build.0 = Debug|Any CPU
		{40EA03F7-8A22-4143-B251-79BAC3EB13D2}.Debug|ARM64.ActiveCfg = Debug|Any CPU
		{40EA03F7-8A22-4143-B251-79BAC3EB13D2}.Debug|ARM64.Build.0 = Debug|Any CPU
		{40EA03F7-8A22-4143-B251-79BAC3EB13D2}.Debug|iPhone.ActiveCfg = Debug|Any CPU
		{40EA03F7-8A22-4143-B251-79BAC3EB13D2}.Debug|iPhone.Build.0 = Debug|Any CPU
		{40EA03F7-8A22-4143-B251-79BAC3EB13D2}.Debug|iPhoneSimulator.ActiveCfg = Debug|Any CPU
		{40EA03F7-8A22-4143-B251-79BAC3EB13D2}.Debug|iPhoneSimulator.Build.0 = Debug|Any CPU
		{40EA03F7-8A22-4143-B251-79BAC3EB13D2}.Debug|x64.ActiveCfg = Debug|Any CPU
		{40EA03F7-8A22-4143-B251-79BAC3EB13D2}.Debug|x64.Build.0 = Debug|Any CPU
		{40EA03F7-8A22-4143-B251-79BAC3EB13D2}.Debug|x86.ActiveCfg = Debug|Any CPU
		{40EA03F7-8A22-4143-B251-79BAC3EB13D2}.Debug|x86.Build.0 = Debug|Any CPU
		{40EA03F7-8A22-4143-B251-79BAC3EB13D2}.Release|Any CPU.ActiveCfg = Release|Any CPU
		{40EA03F7-8A22-4143-B251-79BAC3EB13D2}.Release|Any CPU.Build.0 = Release|Any CPU
		{40EA03F7-8A22-4143-B251-79BAC3EB13D2}.Release|ARM.ActiveCfg = Release|Any CPU
		{40EA03F7-8A22-4143-B251-79BAC3EB13D2}.Release|ARM.Build.0 = Release|Any CPU
		{40EA03F7-8A22-4143-B251-79BAC3EB13D2}.Release|ARM64.ActiveCfg = Release|Any CPU
		{40EA03F7-8A22-4143-B251-79BAC3EB13D2}.Release|ARM64.Build.0 = Release|Any CPU
		{40EA03F7-8A22-4143-B251-79BAC3EB13D2}.Release|iPhone.ActiveCfg = Release|Any CPU
		{40EA03F7-8A22-4143-B251-79BAC3EB13D2}.Release|iPhone.Build.0 = Release|Any CPU
		{40EA03F7-8A22-4143-B251-79BAC3EB13D2}.Release|iPhoneSimulator.ActiveCfg = Release|Any CPU
		{40EA03F7-8A22-4143-B251-79BAC3EB13D2}.Release|iPhoneSimulator.Build.0 = Release|Any CPU
		{40EA03F7-8A22-4143-B251-79BAC3EB13D2}.Release|x64.ActiveCfg = Release|Any CPU
		{40EA03F7-8A22-4143-B251-79BAC3EB13D2}.Release|x64.Build.0 = Release|Any CPU
		{40EA03F7-8A22-4143-B251-79BAC3EB13D2}.Release|x86.ActiveCfg = Release|Any CPU
		{40EA03F7-8A22-4143-B251-79BAC3EB13D2}.Release|x86.Build.0 = Release|Any CPU
		{714E0DE1-BEBF-4C7D-9064-ACF1239AB13B}.Debug|Any CPU.ActiveCfg = Debug|Any CPU
		{714E0DE1-BEBF-4C7D-9064-ACF1239AB13B}.Debug|Any CPU.Build.0 = Debug|Any CPU
		{714E0DE1-BEBF-4C7D-9064-ACF1239AB13B}.Debug|Any CPU.Deploy.0 = Debug|Any CPU
		{714E0DE1-BEBF-4C7D-9064-ACF1239AB13B}.Debug|ARM.ActiveCfg = Debug|Any CPU
		{714E0DE1-BEBF-4C7D-9064-ACF1239AB13B}.Debug|ARM.Build.0 = Debug|Any CPU
		{714E0DE1-BEBF-4C7D-9064-ACF1239AB13B}.Debug|ARM.Deploy.0 = Debug|Any CPU
		{714E0DE1-BEBF-4C7D-9064-ACF1239AB13B}.Debug|ARM64.ActiveCfg = Debug|Any CPU
		{714E0DE1-BEBF-4C7D-9064-ACF1239AB13B}.Debug|ARM64.Build.0 = Debug|Any CPU
		{714E0DE1-BEBF-4C7D-9064-ACF1239AB13B}.Debug|ARM64.Deploy.0 = Debug|Any CPU
		{714E0DE1-BEBF-4C7D-9064-ACF1239AB13B}.Debug|iPhone.ActiveCfg = Debug|Any CPU
		{714E0DE1-BEBF-4C7D-9064-ACF1239AB13B}.Debug|iPhone.Build.0 = Debug|Any CPU
		{714E0DE1-BEBF-4C7D-9064-ACF1239AB13B}.Debug|iPhone.Deploy.0 = Debug|Any CPU
		{714E0DE1-BEBF-4C7D-9064-ACF1239AB13B}.Debug|iPhoneSimulator.ActiveCfg = Debug|Any CPU
		{714E0DE1-BEBF-4C7D-9064-ACF1239AB13B}.Debug|iPhoneSimulator.Build.0 = Debug|Any CPU
		{714E0DE1-BEBF-4C7D-9064-ACF1239AB13B}.Debug|iPhoneSimulator.Deploy.0 = Debug|Any CPU
		{714E0DE1-BEBF-4C7D-9064-ACF1239AB13B}.Debug|x64.ActiveCfg = Debug|Any CPU
		{714E0DE1-BEBF-4C7D-9064-ACF1239AB13B}.Debug|x64.Build.0 = Debug|Any CPU
		{714E0DE1-BEBF-4C7D-9064-ACF1239AB13B}.Debug|x64.Deploy.0 = Debug|Any CPU
		{714E0DE1-BEBF-4C7D-9064-ACF1239AB13B}.Debug|x86.ActiveCfg = Debug|Any CPU
		{714E0DE1-BEBF-4C7D-9064-ACF1239AB13B}.Debug|x86.Build.0 = Debug|Any CPU
		{714E0DE1-BEBF-4C7D-9064-ACF1239AB13B}.Debug|x86.Deploy.0 = Debug|Any CPU
		{714E0DE1-BEBF-4C7D-9064-ACF1239AB13B}.Release|Any CPU.ActiveCfg = Release|Any CPU
		{714E0DE1-BEBF-4C7D-9064-ACF1239AB13B}.Release|Any CPU.Build.0 = Release|Any CPU
		{714E0DE1-BEBF-4C7D-9064-ACF1239AB13B}.Release|ARM.ActiveCfg = Release|Any CPU
		{714E0DE1-BEBF-4C7D-9064-ACF1239AB13B}.Release|ARM.Build.0 = Release|Any CPU
		{714E0DE1-BEBF-4C7D-9064-ACF1239AB13B}.Release|ARM.Deploy.0 = Release|Any CPU
		{714E0DE1-BEBF-4C7D-9064-ACF1239AB13B}.Release|ARM64.ActiveCfg = Release|Any CPU
		{714E0DE1-BEBF-4C7D-9064-ACF1239AB13B}.Release|ARM64.Build.0 = Release|Any CPU
		{714E0DE1-BEBF-4C7D-9064-ACF1239AB13B}.Release|ARM64.Deploy.0 = Release|Any CPU
		{714E0DE1-BEBF-4C7D-9064-ACF1239AB13B}.Release|iPhone.ActiveCfg = Release|Any CPU
		{714E0DE1-BEBF-4C7D-9064-ACF1239AB13B}.Release|iPhone.Build.0 = Release|Any CPU
		{714E0DE1-BEBF-4C7D-9064-ACF1239AB13B}.Release|iPhoneSimulator.ActiveCfg = Release|Any CPU
		{714E0DE1-BEBF-4C7D-9064-ACF1239AB13B}.Release|iPhoneSimulator.Build.0 = Release|Any CPU
		{714E0DE1-BEBF-4C7D-9064-ACF1239AB13B}.Release|iPhoneSimulator.Deploy.0 = Release|Any CPU
		{714E0DE1-BEBF-4C7D-9064-ACF1239AB13B}.Release|x64.ActiveCfg = Release|Any CPU
		{714E0DE1-BEBF-4C7D-9064-ACF1239AB13B}.Release|x64.Build.0 = Release|Any CPU
		{714E0DE1-BEBF-4C7D-9064-ACF1239AB13B}.Release|x64.Deploy.0 = Release|Any CPU
		{714E0DE1-BEBF-4C7D-9064-ACF1239AB13B}.Release|x86.ActiveCfg = Release|Any CPU
		{714E0DE1-BEBF-4C7D-9064-ACF1239AB13B}.Release|x86.Build.0 = Release|Any CPU
		{714E0DE1-BEBF-4C7D-9064-ACF1239AB13B}.Release|x86.Deploy.0 = Release|Any CPU
		{6CF284A4-22B1-4F05-97F4-F095C07A598E}.Debug|Any CPU.ActiveCfg = Debug|Any CPU
		{6CF284A4-22B1-4F05-97F4-F095C07A598E}.Debug|Any CPU.Build.0 = Debug|Any CPU
		{6CF284A4-22B1-4F05-97F4-F095C07A598E}.Debug|ARM.ActiveCfg = Debug|Any CPU
		{6CF284A4-22B1-4F05-97F4-F095C07A598E}.Debug|ARM.Build.0 = Debug|Any CPU
		{6CF284A4-22B1-4F05-97F4-F095C07A598E}.Debug|ARM64.ActiveCfg = Debug|Any CPU
		{6CF284A4-22B1-4F05-97F4-F095C07A598E}.Debug|ARM64.Build.0 = Debug|Any CPU
		{6CF284A4-22B1-4F05-97F4-F095C07A598E}.Debug|iPhone.ActiveCfg = Debug|Any CPU
		{6CF284A4-22B1-4F05-97F4-F095C07A598E}.Debug|iPhone.Build.0 = Debug|Any CPU
		{6CF284A4-22B1-4F05-97F4-F095C07A598E}.Debug|iPhoneSimulator.ActiveCfg = Debug|Any CPU
		{6CF284A4-22B1-4F05-97F4-F095C07A598E}.Debug|iPhoneSimulator.Build.0 = Debug|Any CPU
		{6CF284A4-22B1-4F05-97F4-F095C07A598E}.Debug|x64.ActiveCfg = Debug|Any CPU
		{6CF284A4-22B1-4F05-97F4-F095C07A598E}.Debug|x64.Build.0 = Debug|Any CPU
		{6CF284A4-22B1-4F05-97F4-F095C07A598E}.Debug|x86.ActiveCfg = Debug|Any CPU
		{6CF284A4-22B1-4F05-97F4-F095C07A598E}.Debug|x86.Build.0 = Debug|Any CPU
		{6CF284A4-22B1-4F05-97F4-F095C07A598E}.Release|Any CPU.ActiveCfg = Release|Any CPU
		{6CF284A4-22B1-4F05-97F4-F095C07A598E}.Release|Any CPU.Build.0 = Release|Any CPU
		{6CF284A4-22B1-4F05-97F4-F095C07A598E}.Release|ARM.ActiveCfg = Release|Any CPU
		{6CF284A4-22B1-4F05-97F4-F095C07A598E}.Release|ARM.Build.0 = Release|Any CPU
		{6CF284A4-22B1-4F05-97F4-F095C07A598E}.Release|ARM64.ActiveCfg = Release|Any CPU
		{6CF284A4-22B1-4F05-97F4-F095C07A598E}.Release|ARM64.Build.0 = Release|Any CPU
		{6CF284A4-22B1-4F05-97F4-F095C07A598E}.Release|iPhone.ActiveCfg = Release|Any CPU
		{6CF284A4-22B1-4F05-97F4-F095C07A598E}.Release|iPhone.Build.0 = Release|Any CPU
		{6CF284A4-22B1-4F05-97F4-F095C07A598E}.Release|iPhoneSimulator.ActiveCfg = Release|Any CPU
		{6CF284A4-22B1-4F05-97F4-F095C07A598E}.Release|iPhoneSimulator.Build.0 = Release|Any CPU
		{6CF284A4-22B1-4F05-97F4-F095C07A598E}.Release|x64.ActiveCfg = Release|Any CPU
		{6CF284A4-22B1-4F05-97F4-F095C07A598E}.Release|x64.Build.0 = Release|Any CPU
		{6CF284A4-22B1-4F05-97F4-F095C07A598E}.Release|x86.ActiveCfg = Release|Any CPU
		{6CF284A4-22B1-4F05-97F4-F095C07A598E}.Release|x86.Build.0 = Release|Any CPU
		{9AED22A6-77DC-4799-BAE7-5F26F2070BD2}.Debug|Any CPU.ActiveCfg = Debug|Any CPU
		{9AED22A6-77DC-4799-BAE7-5F26F2070BD2}.Debug|Any CPU.Build.0 = Debug|Any CPU
		{9AED22A6-77DC-4799-BAE7-5F26F2070BD2}.Debug|ARM.ActiveCfg = Debug|Any CPU
		{9AED22A6-77DC-4799-BAE7-5F26F2070BD2}.Debug|ARM.Build.0 = Debug|Any CPU
		{9AED22A6-77DC-4799-BAE7-5F26F2070BD2}.Debug|ARM64.ActiveCfg = Debug|Any CPU
		{9AED22A6-77DC-4799-BAE7-5F26F2070BD2}.Debug|ARM64.Build.0 = Debug|Any CPU
		{9AED22A6-77DC-4799-BAE7-5F26F2070BD2}.Debug|iPhone.ActiveCfg = Debug|Any CPU
		{9AED22A6-77DC-4799-BAE7-5F26F2070BD2}.Debug|iPhone.Build.0 = Debug|Any CPU
		{9AED22A6-77DC-4799-BAE7-5F26F2070BD2}.Debug|iPhoneSimulator.ActiveCfg = Debug|Any CPU
		{9AED22A6-77DC-4799-BAE7-5F26F2070BD2}.Debug|iPhoneSimulator.Build.0 = Debug|Any CPU
		{9AED22A6-77DC-4799-BAE7-5F26F2070BD2}.Debug|x64.ActiveCfg = Debug|Any CPU
		{9AED22A6-77DC-4799-BAE7-5F26F2070BD2}.Debug|x64.Build.0 = Debug|Any CPU
		{9AED22A6-77DC-4799-BAE7-5F26F2070BD2}.Debug|x86.ActiveCfg = Debug|Any CPU
		{9AED22A6-77DC-4799-BAE7-5F26F2070BD2}.Debug|x86.Build.0 = Debug|Any CPU
		{9AED22A6-77DC-4799-BAE7-5F26F2070BD2}.Release|Any CPU.ActiveCfg = Release|Any CPU
		{9AED22A6-77DC-4799-BAE7-5F26F2070BD2}.Release|Any CPU.Build.0 = Release|Any CPU
		{9AED22A6-77DC-4799-BAE7-5F26F2070BD2}.Release|ARM.ActiveCfg = Release|Any CPU
		{9AED22A6-77DC-4799-BAE7-5F26F2070BD2}.Release|ARM.Build.0 = Release|Any CPU
		{9AED22A6-77DC-4799-BAE7-5F26F2070BD2}.Release|ARM64.ActiveCfg = Release|Any CPU
		{9AED22A6-77DC-4799-BAE7-5F26F2070BD2}.Release|ARM64.Build.0 = Release|Any CPU
		{9AED22A6-77DC-4799-BAE7-5F26F2070BD2}.Release|iPhone.ActiveCfg = Release|Any CPU
		{9AED22A6-77DC-4799-BAE7-5F26F2070BD2}.Release|iPhone.Build.0 = Release|Any CPU
		{9AED22A6-77DC-4799-BAE7-5F26F2070BD2}.Release|iPhoneSimulator.ActiveCfg = Release|Any CPU
		{9AED22A6-77DC-4799-BAE7-5F26F2070BD2}.Release|iPhoneSimulator.Build.0 = Release|Any CPU
		{9AED22A6-77DC-4799-BAE7-5F26F2070BD2}.Release|x64.ActiveCfg = Release|Any CPU
		{9AED22A6-77DC-4799-BAE7-5F26F2070BD2}.Release|x64.Build.0 = Release|Any CPU
		{9AED22A6-77DC-4799-BAE7-5F26F2070BD2}.Release|x86.ActiveCfg = Release|Any CPU
		{9AED22A6-77DC-4799-BAE7-5F26F2070BD2}.Release|x86.Build.0 = Release|Any CPU
		{0AE184FD-8427-4901-B572-E3DA372AB027}.Debug|Any CPU.ActiveCfg = Debug|Any CPU
		{0AE184FD-8427-4901-B572-E3DA372AB027}.Debug|Any CPU.Build.0 = Debug|Any CPU
		{0AE184FD-8427-4901-B572-E3DA372AB027}.Debug|ARM.ActiveCfg = Debug|Any CPU
		{0AE184FD-8427-4901-B572-E3DA372AB027}.Debug|ARM.Build.0 = Debug|Any CPU
		{0AE184FD-8427-4901-B572-E3DA372AB027}.Debug|ARM64.ActiveCfg = Debug|Any CPU
		{0AE184FD-8427-4901-B572-E3DA372AB027}.Debug|ARM64.Build.0 = Debug|Any CPU
		{0AE184FD-8427-4901-B572-E3DA372AB027}.Debug|iPhone.ActiveCfg = Debug|Any CPU
		{0AE184FD-8427-4901-B572-E3DA372AB027}.Debug|iPhone.Build.0 = Debug|Any CPU
		{0AE184FD-8427-4901-B572-E3DA372AB027}.Debug|iPhoneSimulator.ActiveCfg = Debug|Any CPU
		{0AE184FD-8427-4901-B572-E3DA372AB027}.Debug|iPhoneSimulator.Build.0 = Debug|Any CPU
		{0AE184FD-8427-4901-B572-E3DA372AB027}.Debug|x64.ActiveCfg = Debug|Any CPU
		{0AE184FD-8427-4901-B572-E3DA372AB027}.Debug|x64.Build.0 = Debug|Any CPU
		{0AE184FD-8427-4901-B572-E3DA372AB027}.Debug|x86.ActiveCfg = Debug|Any CPU
		{0AE184FD-8427-4901-B572-E3DA372AB027}.Debug|x86.Build.0 = Debug|Any CPU
		{0AE184FD-8427-4901-B572-E3DA372AB027}.Release|Any CPU.ActiveCfg = Release|Any CPU
		{0AE184FD-8427-4901-B572-E3DA372AB027}.Release|Any CPU.Build.0 = Release|Any CPU
		{0AE184FD-8427-4901-B572-E3DA372AB027}.Release|ARM.ActiveCfg = Release|Any CPU
		{0AE184FD-8427-4901-B572-E3DA372AB027}.Release|ARM.Build.0 = Release|Any CPU
		{0AE184FD-8427-4901-B572-E3DA372AB027}.Release|ARM64.ActiveCfg = Release|Any CPU
		{0AE184FD-8427-4901-B572-E3DA372AB027}.Release|ARM64.Build.0 = Release|Any CPU
		{0AE184FD-8427-4901-B572-E3DA372AB027}.Release|iPhone.ActiveCfg = Release|Any CPU
		{0AE184FD-8427-4901-B572-E3DA372AB027}.Release|iPhone.Build.0 = Release|Any CPU
		{0AE184FD-8427-4901-B572-E3DA372AB027}.Release|iPhoneSimulator.ActiveCfg = Release|Any CPU
		{0AE184FD-8427-4901-B572-E3DA372AB027}.Release|iPhoneSimulator.Build.0 = Release|Any CPU
		{0AE184FD-8427-4901-B572-E3DA372AB027}.Release|x64.ActiveCfg = Release|Any CPU
		{0AE184FD-8427-4901-B572-E3DA372AB027}.Release|x64.Build.0 = Release|Any CPU
		{0AE184FD-8427-4901-B572-E3DA372AB027}.Release|x86.ActiveCfg = Release|Any CPU
		{0AE184FD-8427-4901-B572-E3DA372AB027}.Release|x86.Build.0 = Release|Any CPU
	EndGlobalSection
	GlobalSection(SolutionProperties) = preSolution
		HideSolutionNode = FALSE
	EndGlobalSection
	GlobalSection(ExtensibilityGlobals) = postSolution
		SolutionGuid = {C7433AE2-B1A0-4C1A-887E-5CAA7AAF67A6}
	EndGlobalSection
	GlobalSection(SharedMSBuildProjectFiles) = preSolution
		TestUnoApplication.Shared\TestUnoApplication.Shared.projitems*{40ea03f7-8a22-4143-b251-79bac3eb13d2}*SharedItemsImports = 5
		TestUnoApplication.Shared\TestUnoApplication.Shared.projitems*{6279c845-92f8-4333-ab99-3d213163593c}*SharedItemsImports = 13
		TestUnoApplication.Shared\TestUnoApplication.Shared.projitems*{714e0de1-bebf-4c7d-9064-acf1239ab13b}*SharedItemsImports = 5
		TestUnoApplication.Shared\TestUnoApplication.Shared.projitems*{9aed22a6-77dc-4799-bae7-5f26f2070bd2}*SharedItemsImports = 5
		TestUnoApplication.Shared\TestUnoApplication.Shared.projitems*{c14dbec5-7153-4f1e-a3fe-afd9836c4099}*SharedItemsImports = 4
		TestUnoApplication.Shared\TestUnoApplication.Shared.projitems*{c211e9ef-7da4-40a6-ac69-b52c4a787220}*SharedItemsImports = 4
		TestUnoApplication.Shared\TestUnoApplication.Shared.projitems*{d33501b0-7280-4aeb-a019-f3554fdf3492}*SharedItemsImports = 4
	EndGlobalSection
EndGlobal
